
Microsoft Visual Studio Solution File, Format Version 12.00
# Visual Studio 15
VisualStudioVersion = 15.0.28307.421
MinimumVisualStudioVersion = 10.0.40219.1
Project("{FAE04EC0-301F-11D3-BF4B-00C04F79EFBC}") = "PSTest", "PSTest\PSTest.csproj", "{72933682-498C-4D22-AB49-1380906DB27E}"
EndProject
Global
	GlobalSection(SolutionConfigurationPlatforms) = preSolution
		Debug|Any CPU = Debug|Any CPU
		Release|Any CPU = Release|Any CPU
	EndGlobalSection
	GlobalSection(ProjectConfigurationPlatforms) = postSolution
		{72933682-498C-4D22-AB49-1380906DB27E}.Debug|Any CPU.ActiveCfg = Debug|Any CPU
		{72933682-498C-4D22-AB49-1380906DB27E}.Debug|Any CPU.Build.0 = Debug|Any CPU
		{72933682-498C-4D22-AB49-1380906DB27E}.Release|Any CPU.ActiveCfg = Release|Any CPU
		{72933682-498C-4D22-AB49-1380906DB27E}.Release|Any CPU.Build.0 = Release|Any CPU
	EndGlobalSection
	GlobalSection(SolutionProperties) = preSolution
		HideSolutionNode = FALSE
	EndGlobalSection
	GlobalSection(ExtensibilityGlobals) = postSolution
		SolutionGuid = {22BAFAED-1641-4E65-8D6D-C77856EF0AD8}
	EndGlobalSection
EndGlobal
